
Microsoft Visual Studio Solution File, Format Version 12.00
# Visual Studio Version 16
VisualStudioVersion = 16.0.29926.136
MinimumVisualStudioVersion = 10.0.40219.1
Project("{2150E333-8FDC-42A3-9474-1A3956D46DE8}") = "Microservices", "Microservices", "{FDE98189-26E9-4EDA-AACA-E6AFAB5C1C1A}"
EndProject
Project("{2150E333-8FDC-42A3-9474-1A3956D46DE8}") = "Infra.Bus", "Infra.Bus", "{8A91907B-5E6D-4834-8C03-97D2AF494184}"
EndProject
Project("{2150E333-8FDC-42A3-9474-1A3956D46DE8}") = "Infra.IoC", "Infra.IoC", "{E6505852-46DD-41A0-B5DC-C53E8D739736}"
EndProject
Project("{2150E333-8FDC-42A3-9474-1A3956D46DE8}") = "Domain", "Domain", "{1A8CD5E0-E0B4-4952-B14F-EF66E6218AB4}"
EndProject
Project("{2150E333-8FDC-42A3-9474-1A3956D46DE8}") = "Presentation", "Presentation", "{10528E7F-CFCD-4D8D-8D02-4C0F5088CB90}"
EndProject
Project("{9A19103F-16F7-4668-BE54-9A1E7A4F7556}") = "MicroRabbit.Domain.Core", "MicroRabbit.Domain.Core\MicroRabbit.Domain.Core.csproj", "{D8E8239D-2338-4DF2-BCAF-47A2E82AE6F9}"
EndProject
Project("{9A19103F-16F7-4668-BE54-9A1E7A4F7556}") = "MicroRabbit.Infra.Bus", "MicroRabbit.Infra.Bus\MicroRabbit.Infra.Bus.csproj", "{B9BEC7DB-E2E2-4A54-9A0D-BF0EC6E0FCF5}"
EndProject
Project("{FAE04EC0-301F-11D3-BF4B-00C04F79EFBC}") = "MicroRabbit.Infra.IoC", "MicroRabbit.Infra.IoC\MicroRabbit.Infra.IoC.csproj", "{6F46C47E-F50D-4974-A4D8-CCD4EEBC8153}"
EndProject
Project("{2150E333-8FDC-42A3-9474-1A3956D46DE8}") = "Data", "Data", "{18820F27-B906-4AAB-BF0F-1B3FA9A92522}"
EndProject
Project("{2150E333-8FDC-42A3-9474-1A3956D46DE8}") = "Domain", "Domain", "{4D5EBDE0-FDF4-4579-A3CC-919D67DA2D9C}"
EndProject
Project("{2150E333-8FDC-42A3-9474-1A3956D46DE8}") = "Application", "Application", "{376A0585-CCC0-4929-B1E6-561402A28153}"
EndProject
Project("{2150E333-8FDC-42A3-9474-1A3956D46DE8}") = "Api", "Api", "{FFD6B329-CABF-4750-B799-E50AF6FE3A94}"
EndProject
Project("{FAE04EC0-301F-11D3-BF4B-00C04F79EFBC}") = "MicroRabbit.Banking.Api", "MicroRabbit.Banking.Api\MicroRabbit.Banking.Api.csproj", "{7170E0CB-D90F-4374-90F3-7E6B88D2068B}"
EndProject
Project("{FAE04EC0-301F-11D3-BF4B-00C04F79EFBC}") = "MicroRabbit.Banking.Application", "MicroRabbit.Banking.Application\MicroRabbit.Banking.Application.csproj", "{966866DB-EFFB-43D7-8C40-3AD807648249}"
EndProject
Project("{FAE04EC0-301F-11D3-BF4B-00C04F79EFBC}") = "MicroRabbit.Banking.Data", "MicroRabbit.Banking.Data\MicroRabbit.Banking.Data.csproj", "{6100D2CA-D028-4FE6-A5B2-368564AC692E}"
EndProject
Project("{FAE04EC0-301F-11D3-BF4B-00C04F79EFBC}") = "MicroRabbit.Banking.Domain", "MicroRabbit.Banking.Domain\MicroRabbit.Banking.Domain.csproj", "{AD123419-4CBF-4739-86F9-27771B5AA60F}"
EndProject
Project("{2150E333-8FDC-42A3-9474-1A3956D46DE8}") = "Banking", "Banking", "{BF5254B5-E246-480E-8B94-DD81D5DF468A}"
EndProject
Project("{2150E333-8FDC-42A3-9474-1A3956D46DE8}") = "Transfer", "Transfer", "{241F6538-4823-48C9-87D7-E6C209689B11}"
EndProject
Project("{2150E333-8FDC-42A3-9474-1A3956D46DE8}") = "Api", "Api", "{E1310FBA-0162-495D-B221-139076CEFD68}"
EndProject
Project("{2150E333-8FDC-42A3-9474-1A3956D46DE8}") = "Application", "Application", "{DEFCE478-C89C-40A5-B7B5-49913E5163AA}"
EndProject
Project("{2150E333-8FDC-42A3-9474-1A3956D46DE8}") = "Data", "Data", "{5FCF6715-EB46-4EB9-AEB6-AC62FCB65C45}"
EndProject
Project("{2150E333-8FDC-42A3-9474-1A3956D46DE8}") = "Domain", "Domain", "{B5F5FEDF-DDB9-489D-9632-079DEB4648CD}"
EndProject
Project("{FAE04EC0-301F-11D3-BF4B-00C04F79EFBC}") = "MicroRabbit.Transfer.Api", "MicroRabbit.Transfer.Api\MicroRabbit.Transfer.Api.csproj", "{C91E4A7F-E1BD-4DC3-9D83-9F9FAE9FD47B}"
EndProject
Project("{FAE04EC0-301F-11D3-BF4B-00C04F79EFBC}") = "MicroRabbit.Transfer.Application", "MicroRabbit.Transfer.Application\MicroRabbit.Transfer.Application.csproj", "{09526C50-4594-4D1D-923B-7C56F07CE649}"
EndProject
Project("{FAE04EC0-301F-11D3-BF4B-00C04F79EFBC}") = "MicroRabbit.Transfer.Data", "MicroRabbit.Transfer.Data\MicroRabbit.Transfer.Data.csproj", "{93A40D8F-139A-46F4-A0B7-CA047E295530}"
EndProject
Project("{FAE04EC0-301F-11D3-BF4B-00C04F79EFBC}") = "MicroRabbit.Transfer.Domain", "MicroRabbit.Transfer.Domain\MicroRabbit.Transfer.Domain.csproj", "{369E8C4D-B788-4052-8E83-2770CB7C2C6C}"
EndProject
Global
	GlobalSection(SolutionConfigurationPlatforms) = preSolution
		Debug|Any CPU = Debug|Any CPU
		Release|Any CPU = Release|Any CPU
	EndGlobalSection
	GlobalSection(ProjectConfigurationPlatforms) = postSolution
		{D8E8239D-2338-4DF2-BCAF-47A2E82AE6F9}.Debug|Any CPU.ActiveCfg = Debug|Any CPU
		{D8E8239D-2338-4DF2-BCAF-47A2E82AE6F9}.Debug|Any CPU.Build.0 = Debug|Any CPU
		{D8E8239D-2338-4DF2-BCAF-47A2E82AE6F9}.Release|Any CPU.ActiveCfg = Release|Any CPU
		{D8E8239D-2338-4DF2-BCAF-47A2E82AE6F9}.Release|Any CPU.Build.0 = Release|Any CPU
		{B9BEC7DB-E2E2-4A54-9A0D-BF0EC6E0FCF5}.Debug|Any CPU.ActiveCfg = Debug|Any CPU
		{B9BEC7DB-E2E2-4A54-9A0D-BF0EC6E0FCF5}.Debug|Any CPU.Build.0 = Debug|Any CPU
		{B9BEC7DB-E2E2-4A54-9A0D-BF0EC6E0FCF5}.Release|Any CPU.ActiveCfg = Release|Any CPU
		{B9BEC7DB-E2E2-4A54-9A0D-BF0EC6E0FCF5}.Release|Any CPU.Build.0 = Release|Any CPU
		{6F46C47E-F50D-4974-A4D8-CCD4EEBC8153}.Debug|Any CPU.ActiveCfg = Debug|Any CPU
		{6F46C47E-F50D-4974-A4D8-CCD4EEBC8153}.Debug|Any CPU.Build.0 = Debug|Any CPU
		{6F46C47E-F50D-4974-A4D8-CCD4EEBC8153}.Release|Any CPU.ActiveCfg = Release|Any CPU
		{6F46C47E-F50D-4974-A4D8-CCD4EEBC8153}.Release|Any CPU.Build.0 = Release|Any CPU
		{7170E0CB-D90F-4374-90F3-7E6B88D2068B}.Debug|Any CPU.ActiveCfg = Debug|Any CPU
		{7170E0CB-D90F-4374-90F3-7E6B88D2068B}.Debug|Any CPU.Build.0 = Debug|Any CPU
		{7170E0CB-D90F-4374-90F3-7E6B88D2068B}.Release|Any CPU.ActiveCfg = Release|Any CPU
		{7170E0CB-D90F-4374-90F3-7E6B88D2068B}.Release|Any CPU.Build.0 = Release|Any CPU
		{966866DB-EFFB-43D7-8C40-3AD807648249}.Debug|Any CPU.ActiveCfg = Debug|Any CPU
		{966866DB-EFFB-43D7-8C40-3AD807648249}.Debug|Any CPU.Build.0 = Debug|Any CPU
		{966866DB-EFFB-43D7-8C40-3AD807648249}.Release|Any CPU.ActiveCfg = Release|Any CPU
		{966866DB-EFFB-43D7-8C40-3AD807648249}.Release|Any CPU.Build.0 = Release|Any CPU
		{6100D2CA-D028-4FE6-A5B2-368564AC692E}.Debug|Any CPU.ActiveCfg = Debug|Any CPU
		{6100D2CA-D028-4FE6-A5B2-368564AC692E}.Debug|Any CPU.Build.0 = Debug|Any CPU
		{6100D2CA-D028-4FE6-A5B2-368564AC692E}.Release|Any CPU.ActiveCfg = Release|Any CPU
		{6100D2CA-D028-4FE6-A5B2-368564AC692E}.Release|Any CPU.Build.0 = Release|Any CPU
		{AD123419-4CBF-4739-86F9-27771B5AA60F}.Debug|Any CPU.ActiveCfg = Debug|Any CPU
		{AD123419-4CBF-4739-86F9-27771B5AA60F}.Debug|Any CPU.Build.0 = Debug|Any CPU
		{AD123419-4CBF-4739-86F9-27771B5AA60F}.Release|Any CPU.ActiveCfg = Release|Any CPU
		{AD123419-4CBF-4739-86F9-27771B5AA60F}.Release|Any CPU.Build.0 = Release|Any CPU
		{C91E4A7F-E1BD-4DC3-9D83-9F9FAE9FD47B}.Debug|Any CPU.ActiveCfg = Debug|Any CPU
		{C91E4A7F-E1BD-4DC3-9D83-9F9FAE9FD47B}.Debug|Any CPU.Build.0 = Debug|Any CPU
		{C91E4A7F-E1BD-4DC3-9D83-9F9FAE9FD47B}.Release|Any CPU.ActiveCfg = Release|Any CPU
		{C91E4A7F-E1BD-4DC3-9D83-9F9FAE9FD47B}.Release|Any CPU.Build.0 = Release|Any CPU
		{09526C50-4594-4D1D-923B-7C56F07CE649}.Debug|Any CPU.ActiveCfg = Debug|Any CPU
		{09526C50-4594-4D1D-923B-7C56F07CE649}.Debug|Any CPU.Build.0 = Debug|Any CPU
		{09526C50-4594-4D1D-923B-7C56F07CE649}.Release|Any CPU.ActiveCfg = Release|Any CPU
		{09526C50-4594-4D1D-923B-7C56F07CE649}.Release|Any CPU.Build.0 = Release|Any CPU
		{93A40D8F-139A-46F4-A0B7-CA047E295530}.Debug|Any CPU.ActiveCfg = Debug|Any CPU
		{93A40D8F-139A-46F4-A0B7-CA047E295530}.Debug|Any CPU.Build.0 = Debug|Any CPU
		{93A40D8F-139A-46F4-A0B7-CA047E295530}.Release|Any CPU.ActiveCfg = Release|Any CPU
		{93A40D8F-139A-46F4-A0B7-CA047E295530}.Release|Any CPU.Build.0 = Release|Any CPU
		{369E8C4D-B788-4052-8E83-2770CB7C2C6C}.Debug|Any CPU.ActiveCfg = Debug|Any CPU
		{369E8C4D-B788-4052-8E83-2770CB7C2C6C}.Debug|Any CPU.Build.0 = Debug|Any CPU
		{369E8C4D-B788-4052-8E83-2770CB7C2C6C}.Release|Any CPU.ActiveCfg = Release|Any CPU
		{369E8C4D-B788-4052-8E83-2770CB7C2C6C}.Release|Any CPU.Build.0 = Release|Any CPU
	EndGlobalSection
	GlobalSection(SolutionProperties) = preSolution
		HideSolutionNode = FALSE
	EndGlobalSection
	GlobalSection(NestedProjects) = preSolution
		{D8E8239D-2338-4DF2-BCAF-47A2E82AE6F9} = {1A8CD5E0-E0B4-4952-B14F-EF66E6218AB4}
		{B9BEC7DB-E2E2-4A54-9A0D-BF0EC6E0FCF5} = {8A91907B-5E6D-4834-8C03-97D2AF494184}
		{6F46C47E-F50D-4974-A4D8-CCD4EEBC8153} = {E6505852-46DD-41A0-B5DC-C53E8D739736}
		{18820F27-B906-4AAB-BF0F-1B3FA9A92522} = {BF5254B5-E246-480E-8B94-DD81D5DF468A}
		{4D5EBDE0-FDF4-4579-A3CC-919D67DA2D9C} = {BF5254B5-E246-480E-8B94-DD81D5DF468A}
		{376A0585-CCC0-4929-B1E6-561402A28153} = {BF5254B5-E246-480E-8B94-DD81D5DF468A}
		{FFD6B329-CABF-4750-B799-E50AF6FE3A94} = {BF5254B5-E246-480E-8B94-DD81D5DF468A}
		{7170E0CB-D90F-4374-90F3-7E6B88D2068B} = {FFD6B329-CABF-4750-B799-E50AF6FE3A94}
		{966866DB-EFFB-43D7-8C40-3AD807648249} = {376A0585-CCC0-4929-B1E6-561402A28153}
		{6100D2CA-D028-4FE6-A5B2-368564AC692E} = {18820F27-B906-4AAB-BF0F-1B3FA9A92522}
		{AD123419-4CBF-4739-86F9-27771B5AA60F} = {4D5EBDE0-FDF4-4579-A3CC-919D67DA2D9C}
		{BF5254B5-E246-480E-8B94-DD81D5DF468A} = {FDE98189-26E9-4EDA-AACA-E6AFAB5C1C1A}
		{241F6538-4823-48C9-87D7-E6C209689B11} = {FDE98189-26E9-4EDA-AACA-E6AFAB5C1C1A}
		{E1310FBA-0162-495D-B221-139076CEFD68} = {241F6538-4823-48C9-87D7-E6C209689B11}
		{DEFCE478-C89C-40A5-B7B5-49913E5163AA} = {241F6538-4823-48C9-87D7-E6C209689B11}
		{5FCF6715-EB46-4EB9-AEB6-AC62FCB65C45} = {241F6538-4823-48C9-87D7-E6C209689B11}
		{B5F5FEDF-DDB9-489D-9632-079DEB4648CD} = {241F6538-4823-48C9-87D7-E6C209689B11}
		{C91E4A7F-E1BD-4DC3-9D83-9F9FAE9FD47B} = {E1310FBA-0162-495D-B221-139076CEFD68}
		{09526C50-4594-4D1D-923B-7C56F07CE649} = {DEFCE478-C89C-40A5-B7B5-49913E5163AA}
		{93A40D8F-139A-46F4-A0B7-CA047E295530} = {5FCF6715-EB46-4EB9-AEB6-AC62FCB65C45}
		{369E8C4D-B788-4052-8E83-2770CB7C2C6C} = {B5F5FEDF-DDB9-489D-9632-079DEB4648CD}
	EndGlobalSection
	GlobalSection(ExtensibilityGlobals) = postSolution
		SolutionGuid = {61F24F21-BD3E-4C9F-8273-FADC9D278F9D}
	EndGlobalSection
EndGlobal
